
Microsoft Visual Studio Solution File, Format Version 12.00
# Visual Studio Version 17
VisualStudioVersion = 17.6.33815.320
MinimumVisualStudioVersion = 10.0.40219.1
Project("{FAE04EC0-301F-11D3-BF4B-00C04F79EFBC}") = "Numbers-Game", "Numbers-Game\Numbers-Game.csproj", "{33FF8D8B-4883-4382-996B-A90963FF0748}"
EndProject
Global
	GlobalSection(SolutionConfigurationPlatforms) = preSolution
		Debug|Any CPU = Debug|Any CPU
		Release|Any CPU = Release|Any CPU
	EndGlobalSection
	GlobalSection(ProjectConfigurationPlatforms) = postSolution
		{33FF8D8B-4883-4382-996B-A90963FF0748}.Debug|Any CPU.ActiveCfg = Debug|Any CPU
		{33FF8D8B-4883-4382-996B-A90963FF0748}.Debug|Any CPU.Build.0 = Debug|Any CPU
		{33FF8D8B-4883-4382-996B-A90963FF0748}.Release|Any CPU.ActiveCfg = Release|Any CPU
		{33FF8D8B-4883-4382-996B-A90963FF0748}.Release|Any CPU.Build.0 = Release|Any CPU
	EndGlobalSection
	GlobalSection(SolutionProperties) = preSolution
		HideSolutionNode = FALSE
	EndGlobalSection
	GlobalSection(ExtensibilityGlobals) = postSolution
		SolutionGuid = {8AA3DBC6-3DB3-421F-98B2-DFBE45BF0A6A}
	EndGlobalSection
EndGlobal
